
Microsoft Visual Studio Solution File, Format Version 12.00
# Visual Studio Version 17
VisualStudioVersion = 17.2.32519.379
MinimumVisualStudioVersion = 10.0.40219.1
Project("{9A19103F-16F7-4668-BE54-9A1E7A4F7556}") = "1018 Bee Crowd", "118 Bee Crowd\1018 Bee Crowd.csproj", "{CED0A240-D5C6-43E9-BD09-6F969773A477}"
EndProject
Project("{9A19103F-16F7-4668-BE54-9A1E7A4F7556}") = "1035 Bee Crowd", "1035 Bee Crowd\1035 Bee Crowd.csproj", "{25B736A4-C6F2-4D82-88BD-C04D9F3919E4}"
EndProject
Project("{9A19103F-16F7-4668-BE54-9A1E7A4F7556}") = "1038 Bee Crowd", "1038 Bee Crowd\1038 Bee Crowd.csproj", "{CE63F08A-CC4A-4174-86C6-84A9B8D3FD7F}"
EndProject
Project("{9A19103F-16F7-4668-BE54-9A1E7A4F7556}") = "1044 Bee Crowd", "1044 Bee Crowd\1044 Bee Crowd.csproj", "{0B868E8F-A2B3-4C9D-8158-07AF46BB2544}"
EndProject
Project("{9A19103F-16F7-4668-BE54-9A1E7A4F7556}") = "1046 Bee Crowd", "1046 Bee Crowd\1046 Bee Crowd.csproj", "{E60828F8-16CB-4C32-B146-67913A0CB06A}"
EndProject
Project("{9A19103F-16F7-4668-BE54-9A1E7A4F7556}") = "1011 Bee Crowd", "1011 Bee Crowd\1011 Bee Crowd.csproj", "{6BAD4E81-072C-48C7-9611-15FAAA9ACADD}"
EndProject
Project("{9A19103F-16F7-4668-BE54-9A1E7A4F7556}") = "1037 Bee Crowd", "1037 Bee Crowd\1037 Bee Crowd.csproj", "{4D969AA0-C19B-49A6-877B-4D1BE0C0E919}"
EndProject
Project("{9A19103F-16F7-4668-BE54-9A1E7A4F7556}") = "1015 Bee Crowd", "1015 Bee Crowd\1015 Bee Crowd.csproj", "{DBD54D87-4BF9-42ED-B442-A84517835564}"
EndProject
Project("{9A19103F-16F7-4668-BE54-9A1E7A4F7556}") = "1049 Bee Crowd", "1049 Bee Crowd\1049 Bee Crowd.csproj", "{377C5DA9-30BA-4F8F-B673-F88D30AC4B40}"
EndProject
Project("{9A19103F-16F7-4668-BE54-9A1E7A4F7556}") = "1114 Bee Crowd", "1114 Bee Crowd\1114 Bee Crowd.csproj", "{FB4DA1E0-D043-4DA6-9828-A9CC362B6120}"
EndProject
Project("{9A19103F-16F7-4668-BE54-9A1E7A4F7556}") = "1065 Bee Crowd", "1065 Bee Crowd\1065 Bee Crowd.csproj", "{CFA4E6AF-A8B0-4379-9FC0-416AC4885C0D}"
EndProject
Global
	GlobalSection(SolutionConfigurationPlatforms) = preSolution
		Debug|Any CPU = Debug|Any CPU
		Release|Any CPU = Release|Any CPU
	EndGlobalSection
	GlobalSection(ProjectConfigurationPlatforms) = postSolution
		{CED0A240-D5C6-43E9-BD09-6F969773A477}.Debug|Any CPU.ActiveCfg = Debug|Any CPU
		{CED0A240-D5C6-43E9-BD09-6F969773A477}.Debug|Any CPU.Build.0 = Debug|Any CPU
		{CED0A240-D5C6-43E9-BD09-6F969773A477}.Release|Any CPU.ActiveCfg = Release|Any CPU
		{CED0A240-D5C6-43E9-BD09-6F969773A477}.Release|Any CPU.Build.0 = Release|Any CPU
		{25B736A4-C6F2-4D82-88BD-C04D9F3919E4}.Debug|Any CPU.ActiveCfg = Debug|Any CPU
		{25B736A4-C6F2-4D82-88BD-C04D9F3919E4}.Debug|Any CPU.Build.0 = Debug|Any CPU
		{25B736A4-C6F2-4D82-88BD-C04D9F3919E4}.Release|Any CPU.ActiveCfg = Release|Any CPU
		{25B736A4-C6F2-4D82-88BD-C04D9F3919E4}.Release|Any CPU.Build.0 = Release|Any CPU
		{CE63F08A-CC4A-4174-86C6-84A9B8D3FD7F}.Debug|Any CPU.ActiveCfg = Debug|Any CPU
		{CE63F08A-CC4A-4174-86C6-84A9B8D3FD7F}.Debug|Any CPU.Build.0 = Debug|Any CPU
		{CE63F08A-CC4A-4174-86C6-84A9B8D3FD7F}.Release|Any CPU.ActiveCfg = Release|Any CPU
		{CE63F08A-CC4A-4174-86C6-84A9B8D3FD7F}.Release|Any CPU.Build.0 = Release|Any CPU
		{0B868E8F-A2B3-4C9D-8158-07AF46BB2544}.Debug|Any CPU.ActiveCfg = Debug|Any CPU
		{0B868E8F-A2B3-4C9D-8158-07AF46BB2544}.Debug|Any CPU.Build.0 = Debug|Any CPU
		{0B868E8F-A2B3-4C9D-8158-07AF46BB2544}.Release|Any CPU.ActiveCfg = Release|Any CPU
		{0B868E8F-A2B3-4C9D-8158-07AF46BB2544}.Release|Any CPU.Build.0 = Release|Any CPU
		{E60828F8-16CB-4C32-B146-67913A0CB06A}.Debug|Any CPU.ActiveCfg = Debug|Any CPU
		{E60828F8-16CB-4C32-B146-67913A0CB06A}.Debug|Any CPU.Build.0 = Debug|Any CPU
		{E60828F8-16CB-4C32-B146-67913A0CB06A}.Release|Any CPU.ActiveCfg = Release|Any CPU
		{E60828F8-16CB-4C32-B146-67913A0CB06A}.Release|Any CPU.Build.0 = Release|Any CPU
		{6BAD4E81-072C-48C7-9611-15FAAA9ACADD}.Debug|Any CPU.ActiveCfg = Debug|Any CPU
		{6BAD4E81-072C-48C7-9611-15FAAA9ACADD}.Debug|Any CPU.Build.0 = Debug|Any CPU
		{6BAD4E81-072C-48C7-9611-15FAAA9ACADD}.Release|Any CPU.ActiveCfg = Release|Any CPU
		{6BAD4E81-072C-48C7-9611-15FAAA9ACADD}.Release|Any CPU.Build.0 = Release|Any CPU
		{4D969AA0-C19B-49A6-877B-4D1BE0C0E919}.Debug|Any CPU.ActiveCfg = Debug|Any CPU
		{4D969AA0-C19B-49A6-877B-4D1BE0C0E919}.Debug|Any CPU.Build.0 = Debug|Any CPU
		{4D969AA0-C19B-49A6-877B-4D1BE0C0E919}.Release|Any CPU.ActiveCfg = Release|Any CPU
		{4D969AA0-C19B-49A6-877B-4D1BE0C0E919}.Release|Any CPU.Build.0 = Release|Any CPU
		{DBD54D87-4BF9-42ED-B442-A84517835564}.Debug|Any CPU.ActiveCfg = Debug|Any CPU
		{DBD54D87-4BF9-42ED-B442-A84517835564}.Debug|Any CPU.Build.0 = Debug|Any CPU
		{DBD54D87-4BF9-42ED-B442-A84517835564}.Release|Any CPU.ActiveCfg = Release|Any CPU
		{DBD54D87-4BF9-42ED-B442-A84517835564}.Release|Any CPU.Build.0 = Release|Any CPU
		{377C5DA9-30BA-4F8F-B673-F88D30AC4B40}.Debug|Any CPU.ActiveCfg = Debug|Any CPU
		{377C5DA9-30BA-4F8F-B673-F88D30AC4B40}.Debug|Any CPU.Build.0 = Debug|Any CPU
		{377C5DA9-30BA-4F8F-B673-F88D30AC4B40}.Release|Any CPU.ActiveCfg = Release|Any CPU
		{377C5DA9-30BA-4F8F-B673-F88D30AC4B40}.Release|Any CPU.Build.0 = Release|Any CPU
		{FB4DA1E0-D043-4DA6-9828-A9CC362B6120}.Debug|Any CPU.ActiveCfg = Debug|Any CPU
		{FB4DA1E0-D043-4DA6-9828-A9CC362B6120}.Debug|Any CPU.Build.0 = Debug|Any CPU
		{FB4DA1E0-D043-4DA6-9828-A9CC362B6120}.Release|Any CPU.ActiveCfg = Release|Any CPU
		{FB4DA1E0-D043-4DA6-9828-A9CC362B6120}.Release|Any CPU.Build.0 = Release|Any CPU
		{CFA4E6AF-A8B0-4379-9FC0-416AC4885C0D}.Debug|Any CPU.ActiveCfg = Debug|Any CPU
		{CFA4E6AF-A8B0-4379-9FC0-416AC4885C0D}.Debug|Any CPU.Build.0 = Debug|Any CPU
		{CFA4E6AF-A8B0-4379-9FC0-416AC4885C0D}.Release|Any CPU.ActiveCfg = Release|Any CPU
		{CFA4E6AF-A8B0-4379-9FC0-416AC4885C0D}.Release|Any CPU.Build.0 = Release|Any CPU
	EndGlobalSection
	GlobalSection(SolutionProperties) = preSolution
		HideSolutionNode = FALSE
	EndGlobalSection
	GlobalSection(ExtensibilityGlobals) = postSolution
		SolutionGuid = {3B51FD77-C55F-4E94-BF23-F62A5FBAB6AD}
	EndGlobalSection
EndGlobal
