
Microsoft Visual Studio Solution File, Format Version 12.00
# Visual Studio Version 17
VisualStudioVersion = 17.2.32519.379
MinimumVisualStudioVersion = 10.0.40219.1
Project("{FAE04EC0-301F-11D3-BF4B-00C04F79EFBC}") = "118 Bee Crowd", "118 Bee Crowd\118 Bee Crowd.csproj", "{CED0A240-D5C6-43E9-BD09-6F969773A477}"
EndProject
Global
	GlobalSection(SolutionConfigurationPlatforms) = preSolution
		Debug|Any CPU = Debug|Any CPU
		Release|Any CPU = Release|Any CPU
	EndGlobalSection
	GlobalSection(ProjectConfigurationPlatforms) = postSolution
		{CED0A240-D5C6-43E9-BD09-6F969773A477}.Debug|Any CPU.ActiveCfg = Debug|Any CPU
		{CED0A240-D5C6-43E9-BD09-6F969773A477}.Debug|Any CPU.Build.0 = Debug|Any CPU
		{CED0A240-D5C6-43E9-BD09-6F969773A477}.Release|Any CPU.ActiveCfg = Release|Any CPU
		{CED0A240-D5C6-43E9-BD09-6F969773A477}.Release|Any CPU.Build.0 = Release|Any CPU
	EndGlobalSection
	GlobalSection(SolutionProperties) = preSolution
		HideSolutionNode = FALSE
	EndGlobalSection
	GlobalSection(ExtensibilityGlobals) = postSolution
		SolutionGuid = {A9F14056-0F9E-4694-A96C-752390B2E021}
	EndGlobalSection
EndGlobal
